// !$*UTF8*$!
{
	archiveVersion = 1;
	classes = {
	};
	objectVersion = 55;
	objects = {

/* Begin PBXBuildFile section */
		D50D566A27472A59000A0025 /* NotificationsController.swift in Sources */ = {isa = PBXBuildFile; fileRef = D50D566827472A59000A0025 /* NotificationsController.swift */; };
		D50D566B27472A59000A0025 /* NotificationsController.xib in Resources */ = {isa = PBXBuildFile; fileRef = D50D566927472A59000A0025 /* NotificationsController.xib */; };
		D5D6211C2744AFE100AF55A3 /* AppDelegate.swift in Sources */ = {isa = PBXBuildFile; fileRef = D5D6211B2744AFE100AF55A3 /* AppDelegate.swift */; };
		D5D621202744AFE100AF55A3 /* RootViewController.swift in Sources */ = {isa = PBXBuildFile; fileRef = D5D6211F2744AFE100AF55A3 /* RootViewController.swift */; };
		D5D621232744AFE100AF55A3 /* Main.storyboard in Resources */ = {isa = PBXBuildFile; fileRef = D5D621212744AFE100AF55A3 /* Main.storyboard */; };
		D5D621252744AFE300AF55A3 /* Assets.xcassets in Resources */ = {isa = PBXBuildFile; fileRef = D5D621242744AFE300AF55A3 /* Assets.xcassets */; };
		D5D621282744AFE300AF55A3 /* LaunchScreen.storyboard in Resources */ = {isa = PBXBuildFile; fileRef = D5D621262744AFE300AF55A3 /* LaunchScreen.storyboard */; };
		D5D621312744B7DB00AF55A3 /* SnapKit in Frameworks */ = {isa = PBXBuildFile; productRef = D5D621302744B7DB00AF55A3 /* SnapKit */; };
		D5D621342745F50100AF55A3 /* Providers.swift in Sources */ = {isa = PBXBuildFile; fileRef = D5D621332745F50100AF55A3 /* Providers.swift */; };
		D5D621362745F5E600AF55A3 /* ContentViewController.swift in Sources */ = {isa = PBXBuildFile; fileRef = D5D621352745F5E600AF55A3 /* ContentViewController.swift */; };
/* End PBXBuildFile section */

/* Begin PBXFileReference section */
		D50D566827472A59000A0025 /* NotificationsController.swift */ = {isa = PBXFileReference; lastKnownFileType = sourcecode.swift; path = NotificationsController.swift; sourceTree = "<group>"; };
		D50D566927472A59000A0025 /* NotificationsController.xib */ = {isa = PBXFileReference; lastKnownFileType = file.xib; path = NotificationsController.xib; sourceTree = "<group>"; };
		D5D621182744AFE100AF55A3 /* VoiceOverDemo.app */ = {isa = PBXFileReference; explicitFileType = wrapper.application; includeInIndex = 0; path = VoiceOverDemo.app; sourceTree = BUILT_PRODUCTS_DIR; };
		D5D6211B2744AFE100AF55A3 /* AppDelegate.swift */ = {isa = PBXFileReference; lastKnownFileType = sourcecode.swift; path = AppDelegate.swift; sourceTree = "<group>"; };
		D5D6211F2744AFE100AF55A3 /* RootViewController.swift */ = {isa = PBXFileReference; lastKnownFileType = sourcecode.swift; path = RootViewController.swift; sourceTree = "<group>"; };
		D5D621222744AFE100AF55A3 /* Base */ = {isa = PBXFileReference; lastKnownFileType = file.storyboard; name = Base; path = Base.lproj/Main.storyboard; sourceTree = "<group>"; };
		D5D621242744AFE300AF55A3 /* Assets.xcassets */ = {isa = PBXFileReference; lastKnownFileType = folder.assetcatalog; path = Assets.xcassets; sourceTree = "<group>"; };
		D5D621272744AFE300AF55A3 /* Base */ = {isa = PBXFileReference; lastKnownFileType = file.storyboard; name = Base; path = Base.lproj/LaunchScreen.storyboard; sourceTree = "<group>"; };
		D5D621292744AFE300AF55A3 /* Info.plist */ = {isa = PBXFileReference; lastKnownFileType = text.plist.xml; path = Info.plist; sourceTree = "<group>"; };
		D5D621332745F50100AF55A3 /* Providers.swift */ = {isa = PBXFileReference; lastKnownFileType = sourcecode.swift; path = Providers.swift; sourceTree = "<group>"; };
		D5D621352745F5E600AF55A3 /* ContentViewController.swift */ = {isa = PBXFileReference; lastKnownFileType = sourcecode.swift; path = ContentViewController.swift; sourceTree = "<group>"; };
/* End PBXFileReference section */

/* Begin PBXFrameworksBuildPhase section */
		D5D621152744AFE100AF55A3 /* Frameworks */ = {
			isa = PBXFrameworksBuildPhase;
			buildActionMask = 2147483647;
			files = (
				D5D621312744B7DB00AF55A3 /* SnapKit in Frameworks */,
			);
			runOnlyForDeploymentPostprocessing = 0;
		};
/* End PBXFrameworksBuildPhase section */

/* Begin PBXGroup section */
		D5D6210F2744AFE100AF55A3 = {
			isa = PBXGroup;
			children = (
				D5D6211A2744AFE100AF55A3 /* VoiceOverDemo */,
				D5D621192744AFE100AF55A3 /* Products */,
			);
			sourceTree = "<group>";
		};
		D5D621192744AFE100AF55A3 /* Products */ = {
			isa = PBXGroup;
			children = (
				D5D621182744AFE100AF55A3 /* VoiceOverDemo.app */,
			);
			name = Products;
			sourceTree = "<group>";
		};
		D5D6211A2744AFE100AF55A3 /* VoiceOverDemo */ = {
			isa = PBXGroup;
			children = (
				D5D621322745F4D800AF55A3 /* Components */,
				D5D6211B2744AFE100AF55A3 /* AppDelegate.swift */,
				D5D6211F2744AFE100AF55A3 /* RootViewController.swift */,
				D5D621352745F5E600AF55A3 /* ContentViewController.swift */,
				D50D566827472A59000A0025 /* NotificationsController.swift */,
				D50D566927472A59000A0025 /* NotificationsController.xib */,
				D5D621212744AFE100AF55A3 /* Main.storyboard */,
				D5D621242744AFE300AF55A3 /* Assets.xcassets */,
				D5D621262744AFE300AF55A3 /* LaunchScreen.storyboard */,
				D5D621292744AFE300AF55A3 /* Info.plist */,
			);
			path = VoiceOverDemo;
			sourceTree = "<group>";
		};
		D5D621322745F4D800AF55A3 /* Components */ = {
			isa = PBXGroup;
			children = (
				D5D621332745F50100AF55A3 /* Providers.swift */,
			);
			path = Components;
			sourceTree = "<group>";
		};
/* End PBXGroup section */

/* Begin PBXNativeTarget section */
		D5D621172744AFE100AF55A3 /* VoiceOverDemo */ = {
			isa = PBXNativeTarget;
			buildConfigurationList = D5D6212C2744AFE300AF55A3 /* Build configuration list for PBXNativeTarget "VoiceOverDemo" */;
			buildPhases = (
				D5D621142744AFE100AF55A3 /* Sources */,
				D5D621152744AFE100AF55A3 /* Frameworks */,
				D5D621162744AFE100AF55A3 /* Resources */,
			);
			buildRules = (
			);
			dependencies = (
			);
			name = VoiceOverDemo;
			packageProductDependencies = (
				D5D621302744B7DB00AF55A3 /* SnapKit */,
			);
			productName = VoiceOverDemo;
			productReference = D5D621182744AFE100AF55A3 /* VoiceOverDemo.app */;
			productType = "com.apple.product-type.application";
		};
/* End PBXNativeTarget section */

/* Begin PBXProject section */
		D5D621102744AFE100AF55A3 /* Project object */ = {
			isa = PBXProject;
			attributes = {
				BuildIndependentTargetsInParallel = 1;
				LastSwiftUpdateCheck = 1310;
				LastUpgradeCheck = 1310;
				TargetAttributes = {
					D5D621172744AFE100AF55A3 = {
						CreatedOnToolsVersion = 13.1;
					};
				};
			};
			buildConfigurationList = D5D621132744AFE100AF55A3 /* Build configuration list for PBXProject "VoiceOverDemo" */;
			compatibilityVersion = "Xcode 13.0";
			developmentRegion = en;
			hasScannedForEncodings = 0;
			knownRegions = (
				en,
				Base,
			);
			mainGroup = D5D6210F2744AFE100AF55A3;
			packageReferences = (
				D5D6212F2744B7DB00AF55A3 /* XCRemoteSwiftPackageReference "SnapKit" */,
			);
			productRefGroup = D5D621192744AFE100AF55A3 /* Products */;
			projectDirPath = "";
			projectRoot = "";
			targets = (
				D5D621172744AFE100AF55A3 /* VoiceOverDemo */,
			);
		};
/* End PBXProject section */

/* Begin PBXResourcesBuildPhase section */
		D5D621162744AFE100AF55A3 /* Resources */ = {
			isa = PBXResourcesBuildPhase;
			buildActionMask = 2147483647;
			files = (
				D5D621282744AFE300AF55A3 /* LaunchScreen.storyboard in Resources */,
				D5D621252744AFE300AF55A3 /* Assets.xcassets in Resources */,
				D50D566B27472A59000A0025 /* NotificationsController.xib in Resources */,
				D5D621232744AFE100AF55A3 /* Main.storyboard in Resources */,
			);
			runOnlyForDeploymentPostprocessing = 0;
		};
/* End PBXResourcesBuildPhase section */

/* Begin PBXSourcesBuildPhase section */
		D5D621142744AFE100AF55A3 /* Sources */ = {
			isa = PBXSourcesBuildPhase;
			buildActionMask = 2147483647;
			files = (
				D5D621362745F5E600AF55A3 /* ContentViewController.swift in Sources */,
				D5D621202744AFE100AF55A3 /* RootViewController.swift in Sources */,
				D50D566A27472A59000A0025 /* NotificationsController.swift in Sources */,
				D5D6211C2744AFE100AF55A3 /* AppDelegate.swift in Sources */,
				D5D621342745F50100AF55A3 /* Providers.swift in Sources */,
			);
			runOnlyForDeploymentPostprocessing = 0;
		};
/* End PBXSourcesBuildPhase section */

/* Begin PBXVariantGroup section */
		D5D621212744AFE100AF55A3 /* Main.storyboard */ = {
			isa = PBXVariantGroup;
			children = (
				D5D621222744AFE100AF55A3 /* Base */,
			);
			name = Main.storyboard;
			sourceTree = "<group>";
		};
		D5D621262744AFE300AF55A3 /* LaunchScreen.storyboard */ = {
			isa = PBXVariantGroup;
			children = (
				D5D621272744AFE300AF55A3 /* Base */,
			);
			name = LaunchScreen.storyboard;
			sourceTree = "<group>";
		};
/* End PBXVariantGroup section */

/* Begin XCBuildConfiguration section */
		D5D6212A2744AFE300AF55A3 /* Debug */ = {
			isa = XCBuildConfiguration;
			buildSettings = {
				ALWAYS_SEARCH_USER_PATHS = NO;
				CLANG_ANALYZER_NONNULL = YES;
				CLANG_ANALYZER_NUMBER_OBJECT_CONVERSION = YES_AGGRESSIVE;
				CLANG_CXX_LANGUAGE_STANDARD = "gnu++17";
				CLANG_CXX_LIBRARY = "libc++";
				CLANG_ENABLE_MODULES = YES;
				CLANG_ENABLE_OBJC_ARC = YES;
				CLANG_ENABLE_OBJC_WEAK = YES;
				CLANG_WARN_BLOCK_CAPTURE_AUTORELEASING = YES;
				CLANG_WARN_BOOL_CONVERSION = YES;
				CLANG_WARN_COMMA = YES;
				CLANG_WARN_CONSTANT_CONVERSION = YES;
				CLANG_WARN_DEPRECATED_OBJC_IMPLEMENTATIONS = YES;
				CLANG_WARN_DIRECT_OBJC_ISA_USAGE = YES_ERROR;
				CLANG_WARN_DOCUMENTATION_COMMENTS = YES;
				CLANG_WARN_EMPTY_BODY = YES;
				CLANG_WARN_ENUM_CONVERSION = YES;
				CLANG_WARN_INFINITE_RECURSION = YES;
				CLANG_WARN_INT_CONVERSION = YES;
				CLANG_WARN_NON_LITERAL_NULL_CONVERSION = YES;
				CLANG_WARN_OBJC_IMPLICIT_RETAIN_SELF = YES;
				CLANG_WARN_OBJC_LITERAL_CONVERSION = YES;
				CLANG_WARN_OBJC_ROOT_CLASS = YES_ERROR;
				CLANG_WARN_QUOTED_INCLUDE_IN_FRAMEWORK_HEADER = YES;
				CLANG_WARN_RANGE_LOOP_ANALYSIS = YES;
				CLANG_WARN_STRICT_PROTOTYPES = YES;
				CLANG_WARN_SUSPICIOUS_MOVE = YES;
				CLANG_WARN_UNGUARDED_AVAILABILITY = YES_AGGRESSIVE;
				CLANG_WARN_UNREACHABLE_CODE = YES;
				CLANG_WARN__DUPLICATE_METHOD_MATCH = YES;
				COPY_PHASE_STRIP = NO;
				DEBUG_INFORMATION_FORMAT = dwarf;
				ENABLE_STRICT_OBJC_MSGSEND = YES;
				ENABLE_TESTABILITY = YES;
				GCC_C_LANGUAGE_STANDARD = gnu11;
				GCC_DYNAMIC_NO_PIC = NO;
				GCC_NO_COMMON_BLOCKS = YES;
				GCC_OPTIMIZATION_LEVEL = 0;
				GCC_PREPROCESSOR_DEFINITIONS = (
					"DEBUG=1",
					"$(inherited)",
				);
				GCC_WARN_64_TO_32_BIT_CONVERSION = YES;
				GCC_WARN_ABOUT_RETURN_TYPE = YES_ERROR;
				GCC_WARN_UNDECLARED_SELECTOR = YES;
				GCC_WARN_UNINITIALIZED_AUTOS = YES_AGGRESSIVE;
				GCC_WARN_UNUSED_FUNCTION = YES;
				GCC_WARN_UNUSED_VARIABLE = YES;
				IPHONEOS_DEPLOYMENT_TARGET = 15.0;
				MTL_ENABLE_DEBUG_INFO = INCLUDE_SOURCE;
				MTL_FAST_MATH = YES;
				ONLY_ACTIVE_ARCH = YES;
				SDKROOT = iphoneos;
				SWIFT_ACTIVE_COMPILATION_CONDITIONS = DEBUG;
				SWIFT_OPTIMIZATION_LEVEL = "-Onone";
			};
			name = Debug;
		};
		D5D6212B2744AFE300AF55A3 /* Release */ = {
			isa = XCBuildConfiguration;
			buildSettings = {
				ALWAYS_SEARCH_USER_PATHS = NO;
				CLANG_ANALYZER_NONNULL = YES;
				CLANG_ANALYZER_NUMBER_OBJECT_CONVERSION = YES_AGGRESSIVE;
				CLANG_CXX_LANGUAGE_STANDARD = "gnu++17";
				CLANG_CXX_LIBRARY = "libc++";
				CLANG_ENABLE_MODULES = YES;
				CLANG_ENABLE_OBJC_ARC = YES;
				CLANG_ENABLE_OBJC_WEAK = YES;
				CLANG_WARN_BLOCK_CAPTURE_AUTORELEASING = YES;
				CLANG_WARN_BOOL_CONVERSION = YES;
				CLANG_WARN_COMMA = YES;
				CLANG_WARN_CONSTANT_CONVERSION = YES;
				CLANG_WARN_DEPRECATED_OBJC_IMPLEMENTATIONS = YES;
				CLANG_WARN_DIRECT_OBJC_ISA_USAGE = YES_ERROR;
				CLANG_WARN_DOCUMENTATION_COMMENTS = YES;
				CLANG_WARN_EMPTY_BODY = YES;
				CLANG_WARN_ENUM_CONVERSION = YES;
				CLANG_WARN_INFINITE_RECURSION = YES;
				CLANG_WARN_INT_CONVERSION = YES;
				CLANG_WARN_NON_LITERAL_NULL_CONVERSION = YES;
				CLANG_WARN_OBJC_IMPLICIT_RETAIN_SELF = YES;
				CLANG_WARN_OBJC_LITERAL_CONVERSION = YES;
				CLANG_WARN_OBJC_ROOT_CLASS = YES_ERROR;
				CLANG_WARN_QUOTED_INCLUDE_IN_FRAMEWORK_HEADER = YES;
				CLANG_WARN_RANGE_LOOP_ANALYSIS = YES;
				CLANG_WARN_STRICT_PROTOTYPES = YES;
				CLANG_WARN_SUSPICIOUS_MOVE = YES;
				CLANG_WARN_UNGUARDED_AVAILABILITY = YES_AGGRESSIVE;
				CLANG_WARN_UNREACHABLE_CODE = YES;
				CLANG_WARN__DUPLICATE_METHOD_MATCH = YES;
				COPY_PHASE_STRIP = NO;
				DEBUG_INFORMATION_FORMAT = "dwarf-with-dsym";
				ENABLE_NS_ASSERTIONS = NO;
				ENABLE_STRICT_OBJC_MSGSEND = YES;
				GCC_C_LANGUAGE_STANDARD = gnu11;
				GCC_NO_COMMON_BLOCKS = YES;
				GCC_WARN_64_TO_32_BIT_CONVERSION = YES;
				GCC_WARN_ABOUT_RETURN_TYPE = YES_ERROR;
				GCC_WARN_UNDECLARED_SELECTOR = YES;
				GCC_WARN_UNINITIALIZED_AUTOS = YES_AGGRESSIVE;
				GCC_WARN_UNUSED_FUNCTION = YES;
				GCC_WARN_UNUSED_VARIABLE = YES;
				IPHONEOS_DEPLOYMENT_TARGET = 15.0;
				MTL_ENABLE_DEBUG_INFO = NO;
				MTL_FAST_MATH = YES;
				SDKROOT = iphoneos;
				SWIFT_COMPILATION_MODE = wholemodule;
				SWIFT_OPTIMIZATION_LEVEL = "-O";
				VALIDATE_PRODUCT = YES;
			};
			name = Release;
		};
		D5D6212D2744AFE300AF55A3 /* Debug */ = {
			isa = XCBuildConfiguration;
			buildSettings = {
				ASSETCATALOG_COMPILER_APPICON_NAME = AppIcon;
				ASSETCATALOG_COMPILER_GLOBAL_ACCENT_COLOR_NAME = AccentColor;
				CODE_SIGN_STYLE = Automatic;
				CURRENT_PROJECT_VERSION = 1;
				DEVELOPMENT_TEAM = PKNSD9VDW5;
				GENERATE_INFOPLIST_FILE = YES;
				INFOPLIST_FILE = VoiceOverDemo/Info.plist;
				INFOPLIST_KEY_UIApplicationSupportsIndirectInputEvents = YES;
				INFOPLIST_KEY_UILaunchStoryboardName = LaunchScreen;
				INFOPLIST_KEY_UIMainStoryboardFile = Main;
				INFOPLIST_KEY_UISupportedInterfaceOrientations_iPad = "UIInterfaceOrientationPortrait UIInterfaceOrientationPortraitUpsideDown UIInterfaceOrientationLandscapeLeft UIInterfaceOrientationLandscapeRight";
				INFOPLIST_KEY_UISupportedInterfaceOrientations_iPhone = "UIInterfaceOrientationPortrait UIInterfaceOrientationLandscapeLeft UIInterfaceOrientationLandscapeRight";
				LD_RUNPATH_SEARCH_PATHS = (
					"$(inherited)",
					"@executable_path/Frameworks",
				);
				MARKETING_VERSION = 1.0;
				PRODUCT_BUNDLE_IDENTIFIER = ziu.VoiceOverDemo;
				PRODUCT_NAME = "$(TARGET_NAME)";
				SWIFT_EMIT_LOC_STRINGS = YES;
				SWIFT_VERSION = 5.0;
				TARGETED_DEVICE_FAMILY = "1,2";
			};
			name = Debug;
		};
		D5D6212E2744AFE300AF55A3 /* Release */ = {
			isa = XCBuildConfiguration;
			buildSettings = {
				ASSETCATALOG_COMPILER_APPICON_NAME = AppIcon;
				ASSETCATALOG_COMPILER_GLOBAL_ACCENT_COLOR_NAME = AccentColor;
				CODE_SIGN_STYLE = Automatic;
				CURRENT_PROJECT_VERSION = 1;
				DEVELOPMENT_TEAM = PKNSD9VDW5;
				GENERATE_INFOPLIST_FILE = YES;
				INFOPLIST_FILE = VoiceOverDemo/Info.plist;
				INFOPLIST_KEY_UIApplicationSupportsIndirectInputEvents = YES;
				INFOPLIST_KEY_UILaunchStoryboardName = LaunchScreen;
				INFOPLIST_KEY_UIMainStoryboardFile = Main;
				INFOPLIST_KEY_UISupportedInterfaceOrientations_iPad = "UIInterfaceOrientationPortrait UIInterfaceOrientationPortraitUpsideDown UIInterfaceOrientationLandscapeLeft UIInterfaceOrientationLandscapeRight";
				INFOPLIST_KEY_UISupportedInterfaceOrientations_iPhone = "UIInterfaceOrientationPortrait UIInterfaceOrientationLandscapeLeft UIInterfaceOrientationLandscapeRight";
				LD_RUNPATH_SEARCH_PATHS = (
					"$(inherited)",
					"@executable_path/Frameworks",
				);
				MARKETING_VERSION = 1.0;
				PRODUCT_BUNDLE_IDENTIFIER = ziu.VoiceOverDemo;
				PRODUCT_NAME = "$(TARGET_NAME)";
				SWIFT_EMIT_LOC_STRINGS = YES;
				SWIFT_VERSION = 5.0;
				TARGETED_DEVICE_FAMILY = "1,2";
			};
			name = Release;
		};
/* End XCBuildConfiguration section */

/* Begin XCConfigurationList section */
		D5D621132744AFE100AF55A3 /* Build configuration list for PBXProject "VoiceOverDemo" */ = {
			isa = XCConfigurationList;
			buildConfigurations = (
				D5D6212A2744AFE300AF55A3 /* Debug */,
				D5D6212B2744AFE300AF55A3 /* Release */,
			);
			defaultConfigurationIsVisible = 0;
			defaultConfigurationName = Release;
		};
		D5D6212C2744AFE300AF55A3 /* Build configuration list for PBXNativeTarget "VoiceOverDemo" */ = {
			isa = XCConfigurationList;
			buildConfigurations = (
				D5D6212D2744AFE300AF55A3 /* Debug */,
				D5D6212E2744AFE300AF55A3 /* Release */,
			);
			defaultConfigurationIsVisible = 0;
			defaultConfigurationName = Release;
		};
/* End XCConfigurationList section */

/* Begin XCRemoteSwiftPackageReference section */
		D5D6212F2744B7DB00AF55A3 /* XCRemoteSwiftPackageReference "SnapKit" */ = {
			isa = XCRemoteSwiftPackageReference;
			repositoryURL = "https://github.com/SnapKit/SnapKit.git";
			requirement = {
				kind = upToNextMajorVersion;
				minimumVersion = 5.0.0;
			};
		};
/* End XCRemoteSwiftPackageReference section */

/* Begin XCSwiftPackageProductDependency section */
		D5D621302744B7DB00AF55A3 /* SnapKit */ = {
			isa = XCSwiftPackageProductDependency;
			package = D5D6212F2744B7DB00AF55A3 /* XCRemoteSwiftPackageReference "SnapKit" */;
			productName = SnapKit;
		};
/* End XCSwiftPackageProductDependency section */
	};
	rootObject = D5D621102744AFE100AF55A3 /* Project object */;
}
